
Microsoft Visual Studio Solution File, Format Version 12.00
# Visual Studio Version 17
VisualStudioVersion = 17.4.33122.133
MinimumVisualStudioVersion = 10.0.40219.1
Project("{FAE04EC0-301F-11D3-BF4B-00C04F79EFBC}") = "SELinux Denials Tool App", "SELinux Denials Tool App\SELinux Denials Tool App.csproj", "{44F26B28-35FD-45B8-B470-8FA8F0A7DCD8}"
EndProject
Global
	GlobalSection(SolutionConfigurationPlatforms) = preSolution
		Debug|Any CPU = Debug|Any CPU
		Release|Any CPU = Release|Any CPU
	EndGlobalSection
	GlobalSection(ProjectConfigurationPlatforms) = postSolution
		{44F26B28-35FD-45B8-B470-8FA8F0A7DCD8}.Debug|Any CPU.ActiveCfg = Debug|Any CPU
		{44F26B28-35FD-45B8-B470-8FA8F0A7DCD8}.Debug|Any CPU.Build.0 = Debug|Any CPU
		{44F26B28-35FD-45B8-B470-8FA8F0A7DCD8}.Release|Any CPU.ActiveCfg = Release|Any CPU
		{44F26B28-35FD-45B8-B470-8FA8F0A7DCD8}.Release|Any CPU.Build.0 = Release|Any CPU
	EndGlobalSection
	GlobalSection(SolutionProperties) = preSolution
		HideSolutionNode = FALSE
	EndGlobalSection
	GlobalSection(ExtensibilityGlobals) = postSolution
		SolutionGuid = {C8DC7E8F-4626-4FC2-8288-DAC6FBC5C28C}
	EndGlobalSection
EndGlobal
